PODS:
  - Alamofire (4.0.1)
  - AlamofireImage (3.1.0):
    - Alamofire (~> 4.0)
  - Nimble (5.1.0)
  - Quick (0.10.0)

DEPENDENCIES:
  - Alamofire (~> 4.0)
  - AlamofireImage (~> 3.1)
  - Nimble
  - Quick

SPEC CHECKSUMS:
  Alamofire: 7682d43245de14874acd142ec137b144aa1dd335
  AlamofireImage: bb8c8351c51cb1633bb6be69b6dbbaff37ce65b7
  Nimble: 5ea121a2eda60440287054cde077fc0ad22227b3
  Quick: 5d290df1c69d5ee2f0729956dcf0fd9a30447eaa

PODFILE CHECKSUM: 493e9996ce5e7d6a0ca31a6c5c2f169d78382da1

COCOAPODS: 1.0.1
